
Microsoft Visual Studio Solution File, Format Version 12.00
# Visual Studio Version 17
VisualStudioVersion = 17.0.32126.317
MinimumVisualStudioVersion = 10.0.40219.1
Project("{2150E333-8FDC-42A3-9474-1A3956D46DE8}") = "Business", "Business", "{82CD3627-78D2-4F24-BAE2-C074F37B4866}"
EndProject
Project("{9A19103F-16F7-4668-BE54-9A1E7A4F7556}") = "LearningGraphQL.Business.Contract", "Business\LearningGraphQL.Business.Contract\LearningGraphQL.Business.Contract.csproj", "{44B525F7-1D52-4AE8-9B8E-3BE76D00433E}"
EndProject
Project("{9A19103F-16F7-4668-BE54-9A1E7A4F7556}") = "LearningGraphQL.Business", "Business\LearningGraphQL.Business\LearningGraphQL.Business.csproj", "{16E28081-4646-4CB6-A5CE-70F12CF9A8D5}"
EndProject
Project("{2150E333-8FDC-42A3-9474-1A3956D46DE8}") = "Domain", "Domain", "{CCEE0AB9-0448-45AE-93CC-5752BD1F9D83}"
EndProject
Project("{9A19103F-16F7-4668-BE54-9A1E7A4F7556}") = "LearningGraphQL.Models", "Domain\LearningGraphQL.Models\LearningGraphQL.Models.csproj", "{8943C8C4-C5DE-4F69-87C3-3E6ADA43BECA}"
EndProject
Project("{2150E333-8FDC-42A3-9474-1A3956D46DE8}") = "Framework", "Framework", "{4390C5E9-A7A3-4CED-B622-57C39B2CAF32}"
EndProject
Project("{2150E333-8FDC-42A3-9474-1A3956D46DE8}") = "Persist", "Persist", "{54B3232F-E157-4041-9B3E-9EC08F4A8973}"
EndProject
Project("{9A19103F-16F7-4668-BE54-9A1E7A4F7556}") = "LearningGraphQL.Persist", "Persist\LearningGraphQL.Persist\LearningGraphQL.Persist.csproj", "{0BE5D857-33D0-4403-AD25-0A0640F0EC6C}"
EndProject
Project("{9A19103F-16F7-4668-BE54-9A1E7A4F7556}") = "LearningGraphQL.Persist.Contract", "Persist\LearningGraphQL.Persist.Contract\LearningGraphQL.Persist.Contract.csproj", "{E8803530-BC4E-4D7F-AE3E-92EE1B2ED1F2}"
EndProject
Project("{2150E333-8FDC-42A3-9474-1A3956D46DE8}") = "Present", "Present", "{FD77BCBA-926F-4412-B00E-B13DEA79AA15}"
EndProject
Project("{9A19103F-16F7-4668-BE54-9A1E7A4F7556}") = "LearningGraphQL.Present.Domain.HumanResources", "Present\Domain\LearningGraphQL.Present.Domain.HumanResources\LearningGraphQL.Present.Domain.HumanResources.csproj", "{689A4453-E963-46FD-88AF-1026F5E2BD03}"
EndProject
Project("{2150E333-8FDC-42A3-9474-1A3956D46DE8}") = "Domain", "Domain", "{D055FC21-382E-48B1-A73C-56D34E3D7741}"
EndProject
Project("{2150E333-8FDC-42A3-9474-1A3956D46DE8}") = "Gateway", "Gateway", "{E46E1DB9-E931-4396-95EF-8F4C3512181C}"
EndProject
Project("{9A19103F-16F7-4668-BE54-9A1E7A4F7556}") = "LearningGraphQL.Present.Gateway", "Present\Gateway\LearningGraphQL.Present.Gateway\LearningGraphQL.Present.Gateway.csproj", "{440F0BC1-4064-4731-98F1-347C678E063F}"
EndProject
Project("{FAE04EC0-301F-11D3-BF4B-00C04F79EFBC}") = "LearningGraphQL.Framework.Common", "Framework\LearningGraphQL.Framework.Common\LearningGraphQL.Framework.Common.csproj", "{AEC9584F-5021-4E47-B495-15B011ACDAB6}"
EndProject
Global
	GlobalSection(SolutionConfigurationPlatforms) = preSolution
		Debug|Any CPU = Debug|Any CPU
		Release|Any CPU = Release|Any CPU
	EndGlobalSection
	GlobalSection(ProjectConfigurationPlatforms) = postSolution
		{44B525F7-1D52-4AE8-9B8E-3BE76D00433E}.Debug|Any CPU.ActiveCfg = Debug|Any CPU
		{44B525F7-1D52-4AE8-9B8E-3BE76D00433E}.Debug|Any CPU.Build.0 = Debug|Any CPU
		{44B525F7-1D52-4AE8-9B8E-3BE76D00433E}.Release|Any CPU.ActiveCfg = Release|Any CPU
		{44B525F7-1D52-4AE8-9B8E-3BE76D00433E}.Release|Any CPU.Build.0 = Release|Any CPU
		{16E28081-4646-4CB6-A5CE-70F12CF9A8D5}.Debug|Any CPU.ActiveCfg = Debug|Any CPU
		{16E28081-4646-4CB6-A5CE-70F12CF9A8D5}.Debug|Any CPU.Build.0 = Debug|Any CPU
		{16E28081-4646-4CB6-A5CE-70F12CF9A8D5}.Release|Any CPU.ActiveCfg = Release|Any CPU
		{16E28081-4646-4CB6-A5CE-70F12CF9A8D5}.Release|Any CPU.Build.0 = Release|Any CPU
		{8943C8C4-C5DE-4F69-87C3-3E6ADA43BECA}.Debug|Any CPU.ActiveCfg = Debug|Any CPU
		{8943C8C4-C5DE-4F69-87C3-3E6ADA43BECA}.Debug|Any CPU.Build.0 = Debug|Any CPU
		{8943C8C4-C5DE-4F69-87C3-3E6ADA43BECA}.Release|Any CPU.ActiveCfg = Release|Any CPU
		{8943C8C4-C5DE-4F69-87C3-3E6ADA43BECA}.Release|Any CPU.Build.0 = Release|Any CPU
		{0BE5D857-33D0-4403-AD25-0A0640F0EC6C}.Debug|Any CPU.ActiveCfg = Debug|Any CPU
		{0BE5D857-33D0-4403-AD25-0A0640F0EC6C}.Debug|Any CPU.Build.0 = Debug|Any CPU
		{0BE5D857-33D0-4403-AD25-0A0640F0EC6C}.Release|Any CPU.ActiveCfg = Release|Any CPU
		{0BE5D857-33D0-4403-AD25-0A0640F0EC6C}.Release|Any CPU.Build.0 = Release|Any CPU
		{E8803530-BC4E-4D7F-AE3E-92EE1B2ED1F2}.Debug|Any CPU.ActiveCfg = Debug|Any CPU
		{E8803530-BC4E-4D7F-AE3E-92EE1B2ED1F2}.Debug|Any CPU.Build.0 = Debug|Any CPU
		{E8803530-BC4E-4D7F-AE3E-92EE1B2ED1F2}.Release|Any CPU.ActiveCfg = Release|Any CPU
		{E8803530-BC4E-4D7F-AE3E-92EE1B2ED1F2}.Release|Any CPU.Build.0 = Release|Any CPU
		{689A4453-E963-46FD-88AF-1026F5E2BD03}.Debug|Any CPU.ActiveCfg = Debug|Any CPU
		{689A4453-E963-46FD-88AF-1026F5E2BD03}.Debug|Any CPU.Build.0 = Debug|Any CPU
		{689A4453-E963-46FD-88AF-1026F5E2BD03}.Release|Any CPU.ActiveCfg = Release|Any CPU
		{689A4453-E963-46FD-88AF-1026F5E2BD03}.Release|Any CPU.Build.0 = Release|Any CPU
		{440F0BC1-4064-4731-98F1-347C678E063F}.Debug|Any CPU.ActiveCfg = Debug|Any CPU
		{440F0BC1-4064-4731-98F1-347C678E063F}.Debug|Any CPU.Build.0 = Debug|Any CPU
		{440F0BC1-4064-4731-98F1-347C678E063F}.Release|Any CPU.ActiveCfg = Release|Any CPU
		{440F0BC1-4064-4731-98F1-347C678E063F}.Release|Any CPU.Build.0 = Release|Any CPU
		{AEC9584F-5021-4E47-B495-15B011ACDAB6}.Debug|Any CPU.ActiveCfg = Debug|Any CPU
		{AEC9584F-5021-4E47-B495-15B011ACDAB6}.Debug|Any CPU.Build.0 = Debug|Any CPU
		{AEC9584F-5021-4E47-B495-15B011ACDAB6}.Release|Any CPU.ActiveCfg = Release|Any CPU
		{AEC9584F-5021-4E47-B495-15B011ACDAB6}.Release|Any CPU.Build.0 = Release|Any CPU
	EndGlobalSection
	GlobalSection(SolutionProperties) = preSolution
		HideSolutionNode = FALSE
	EndGlobalSection
	GlobalSection(NestedProjects) = preSolution
		{44B525F7-1D52-4AE8-9B8E-3BE76D00433E} = {82CD3627-78D2-4F24-BAE2-C074F37B4866}
		{16E28081-4646-4CB6-A5CE-70F12CF9A8D5} = {82CD3627-78D2-4F24-BAE2-C074F37B4866}
		{8943C8C4-C5DE-4F69-87C3-3E6ADA43BECA} = {CCEE0AB9-0448-45AE-93CC-5752BD1F9D83}
		{0BE5D857-33D0-4403-AD25-0A0640F0EC6C} = {54B3232F-E157-4041-9B3E-9EC08F4A8973}
		{E8803530-BC4E-4D7F-AE3E-92EE1B2ED1F2} = {54B3232F-E157-4041-9B3E-9EC08F4A8973}
		{689A4453-E963-46FD-88AF-1026F5E2BD03} = {D055FC21-382E-48B1-A73C-56D34E3D7741}
		{D055FC21-382E-48B1-A73C-56D34E3D7741} = {FD77BCBA-926F-4412-B00E-B13DEA79AA15}
		{E46E1DB9-E931-4396-95EF-8F4C3512181C} = {FD77BCBA-926F-4412-B00E-B13DEA79AA15}
		{440F0BC1-4064-4731-98F1-347C678E063F} = {E46E1DB9-E931-4396-95EF-8F4C3512181C}
		{AEC9584F-5021-4E47-B495-15B011ACDAB6} = {4390C5E9-A7A3-4CED-B622-57C39B2CAF32}
	EndGlobalSection
	GlobalSection(ExtensibilityGlobals) = postSolution
		SolutionGuid = {D8630933-6E14-471A-A9F1-ADDE3FF36655}
	EndGlobalSection
EndGlobal
